
Microsoft Visual Studio Solution File, Format Version 12.00
# Visual Studio Version 16
VisualStudioVersion = 16.0.29306.81
MinimumVisualStudioVersion = 10.0.40219.1
Project("{FAE04EC0-301F-11D3-BF4B-00C04F79EFBC}") = "SEM4_ADS_Recursion_FindMinNrOfCoins", "SEM4_ADS_Recursion_FindMinNrOfCoins\SEM4_ADS_Recursion_FindMinNrOfCoins.csproj", "{F71C1852-6F1C-42D6-8763-5F3A5573D3B6}"
EndProject
Project("{FAE04EC0-301F-11D3-BF4B-00C04F79EFBC}") = "SEM4_ADS_Recursion_SudokuSolver", "SEM4_ADS_Recursion_SudokuSolver\SEM4_ADS_Recursion_SudokuSolver.csproj", "{B1CABE71-7F48-46FF-A533-55FEADA78210}"
EndProject
Project("{FAE04EC0-301F-11D3-BF4B-00C04F79EFBC}") = "SEM$_ADS_RecursionANDbacktracking_NQueensSolver", "SEM$_ADS_RecursionANDbacktracking_NQueensSolver\SEM$_ADS_RecursionANDbacktracking_NQueensSolver.csproj", "{E9827FF5-BDBB-4278-90C8-C8B65AE20CCF}"
EndProject
Global
	GlobalSection(SolutionConfigurationPlatforms) = preSolution
		Debug|Any CPU = Debug|Any CPU
		Release|Any CPU = Release|Any CPU
	EndGlobalSection
	GlobalSection(ProjectConfigurationPlatforms) = postSolution
		{F71C1852-6F1C-42D6-8763-5F3A5573D3B6}.Debug|Any CPU.ActiveCfg = Debug|Any CPU
		{F71C1852-6F1C-42D6-8763-5F3A5573D3B6}.Debug|Any CPU.Build.0 = Debug|Any CPU
		{F71C1852-6F1C-42D6-8763-5F3A5573D3B6}.Release|Any CPU.ActiveCfg = Release|Any CPU
		{F71C1852-6F1C-42D6-8763-5F3A5573D3B6}.Release|Any CPU.Build.0 = Release|Any CPU
		{B1CABE71-7F48-46FF-A533-55FEADA78210}.Debug|Any CPU.ActiveCfg = Debug|Any CPU
		{B1CABE71-7F48-46FF-A533-55FEADA78210}.Debug|Any CPU.Build.0 = Debug|Any CPU
		{B1CABE71-7F48-46FF-A533-55FEADA78210}.Release|Any CPU.ActiveCfg = Release|Any CPU
		{B1CABE71-7F48-46FF-A533-55FEADA78210}.Release|Any CPU.Build.0 = Release|Any CPU
		{E9827FF5-BDBB-4278-90C8-C8B65AE20CCF}.Debug|Any CPU.ActiveCfg = Debug|Any CPU
		{E9827FF5-BDBB-4278-90C8-C8B65AE20CCF}.Debug|Any CPU.Build.0 = Debug|Any CPU
		{E9827FF5-BDBB-4278-90C8-C8B65AE20CCF}.Release|Any CPU.ActiveCfg = Release|Any CPU
		{E9827FF5-BDBB-4278-90C8-C8B65AE20CCF}.Release|Any CPU.Build.0 = Release|Any CPU
	EndGlobalSection
	GlobalSection(SolutionProperties) = preSolution
		HideSolutionNode = FALSE
	EndGlobalSection
	GlobalSection(ExtensibilityGlobals) = postSolution
		SolutionGuid = {6D592BB6-D166-46EA-AC0D-0F230AD1D861}
	EndGlobalSection
EndGlobal
